{
  "nodes": {
    "nixpkgs": {
      "locked": {
        "lastModified": 1685865905,
        "narHash": "sha256-XJZ/o17eOd2sEsGif+/MQBnfa2DKmndWgJyc7CWajFc=",
        "owner": "NixOS",
        "repo": "nixpkgs",
        "rev": "e7603eba51f2c7820c0a182c6bbb351181caa8e7",
        "type": "github"
      },
      "original": {
        "owner": "NixOS",
        "ref": "nixos-23.05",
        "repo": "nixpkgs",
        "type": "github"
      }
    },
    "root": {
      "inputs": {
        "nixpkgs": "nixpkgs"
      }
    }
  },
  "root": "root",
  "version": 7
}
