{
  "nodes": {
    "nixos-hardware": {
      "locked": {
        "lastModified": 1686396027,
        "narHash": "sha256-gE+csxJoXuNn5ZnlgNj0GnMQ2y4heBtDqkB1af8vfjU=",
        "owner": "NixOS",
        "repo": "nixos-hardware",
        "rev": "70d5f55faee9c1e141e32e6be1e77d13e5a570db",
        "type": "github"
      },
      "original": {
        "owner": "NixOS",
        "ref": "master",
        "repo": "nixos-hardware",
        "type": "github"
      }
    },
    "nixpkgs": {
      "locked": {
        "lastModified": 1686331006,
        "narHash": "sha256-hElRDWUNG655aqF0awu+h5cmDN+I/dQcChRt2tGuGGU=",
        "owner": "NixOS",
        "repo": "nixpkgs",
        "rev": "85bcb95aa83be667e562e781e9d186c57a07d757",
        "type": "github"
      },
      "original": {
        "owner": "NixOS",
        "ref": "nixos-23.05",
        "repo": "nixpkgs",
        "type": "github"
      }
    },
    "root": {
      "inputs": {
        "nixos-hardware": "nixos-hardware",
        "nixpkgs": "nixpkgs"
      }
    }
  },
  "root": "root",
  "version": 7
}
